
Microsoft Visual Studio Solution File, Format Version 12.00
# Visual Studio Version 16
VisualStudioVersion = 16.0.31205.134
MinimumVisualStudioVersion = 10.0.40219.1
Project("{F184B08F-C81C-45F6-A57F-5ABD9991F28F}") = "Rock-Paper-Scissors", "Rock-Paper-Scissors\Rock-Paper-Scissors.vbproj", "{228CB467-0443-4B87-A322-A30DA7513F1E}"
EndProject
Global
	GlobalSection(SolutionConfigurationPlatforms) = preSolution
		Debug|Any CPU = Debug|Any CPU
		Release|Any CPU = Release|Any CPU
	EndGlobalSection
	GlobalSection(ProjectConfigurationPlatforms) = postSolution
		{228CB467-0443-4B87-A322-A30DA7513F1E}.Debug|Any CPU.ActiveCfg = Debug|Any CPU
		{228CB467-0443-4B87-A322-A30DA7513F1E}.Debug|Any CPU.Build.0 = Debug|Any CPU
		{228CB467-0443-4B87-A322-A30DA7513F1E}.Release|Any CPU.ActiveCfg = Release|Any CPU
		{228CB467-0443-4B87-A322-A30DA7513F1E}.Release|Any CPU.Build.0 = Release|Any CPU
	EndGlobalSection
	GlobalSection(SolutionProperties) = preSolution
		HideSolutionNode = FALSE
	EndGlobalSection
	GlobalSection(ExtensibilityGlobals) = postSolution
		SolutionGuid = {957F0DA5-46D0-413F-A102-F193919A05A1}
	EndGlobalSection
EndGlobal
